// !$*UTF8*$!
{
	archiveVersion = 1;
	classes = {
	};
	objectVersion = 50;
	objects = {

/* Begin PBXBuildFile section */
		02339967438A51196F1CE3CC /* Pods_NebulaLiveTests.framework in Frameworks */ = {isa = PBXBuildFile; fileRef = 4B3D46BD67740C2E533654E0 /* Pods_NebulaLiveTests.framework */; };
		B916E482210F80250071D016 /* VenueModel.swift in Sources */ = {isa = PBXBuildFile; fileRef = B916E481210F80250071D016 /* VenueModel.swift */; };
		B916E494210FAE330071D016 /* VenueFeedViewController.swift in Sources */ = {isa = PBXBuildFile; fileRef = B916E493210FAE330071D016 /* VenueFeedViewController.swift */; };
		B9D121EB210F3A6700B10566 /* AppDelegate.swift in Sources */ = {isa = PBXBuildFile; fileRef = B9D121EA210F3A6700B10566 /* AppDelegate.swift */; };
		B9D121ED210F3A6700B10566 /* ViewController.swift in Sources */ = {isa = PBXBuildFile; fileRef = B9D121EC210F3A6700B10566 /* ViewController.swift */; };
		B9D121F0210F3A6700B10566 /* Main.storyboard in Resources */ = {isa = PBXBuildFile; fileRef = B9D121EE210F3A6700B10566 /* Main.storyboard */; };
		B9D121F3210F3A6700B10566 /* NebulaLive.xcdatamodeld in Sources */ = {isa = PBXBuildFile; fileRef = B9D121F1210F3A6700B10566 /* NebulaLive.xcdatamodeld */; };
		B9D121F5210F3A6800B10566 /* Assets.xcassets in Resources */ = {isa = PBXBuildFile; fileRef = B9D121F4210F3A6800B10566 /* Assets.xcassets */; };
		B9D121F8210F3A6800B10566 /* LaunchScreen.storyboard in Resources */ = {isa = PBXBuildFile; fileRef = B9D121F6210F3A6800B10566 /* LaunchScreen.storyboard */; };
		B9D12203210F3A6800B10566 /* NebulaLiveTests.swift in Sources */ = {isa = PBXBuildFile; fileRef = B9D12202210F3A6800B10566 /* NebulaLiveTests.swift */; };
		B9D1220E210F3A6800B10566 /* NebulaLiveUITests.swift in Sources */ = {isa = PBXBuildFile; fileRef = B9D1220D210F3A6800B10566 /* NebulaLiveUITests.swift */; };
		B9D1221C210F3ED500B10566 /* TestTabBarController.swift in Sources */ = {isa = PBXBuildFile; fileRef = B9D1221B210F3ED500B10566 /* TestTabBarController.swift */; };
		B9D12221210F433100B10566 /* FeedCollectionViewCell.swift in Sources */ = {isa = PBXBuildFile; fileRef = B9D1221F210F433100B10566 /* FeedCollectionViewCell.swift */; };
		B9D12222210F433100B10566 /* FeedCollectionViewCell.xib in Resources */ = {isa = PBXBuildFile; fileRef = B9D12220210F433100B10566 /* FeedCollectionViewCell.xib */; };
		B9D12224210F458400B10566 /* ArtistFeedViewController.swift in Sources */ = {isa = PBXBuildFile; fileRef = B9D12223210F458400B10566 /* ArtistFeedViewController.swift */; };
		B9D12226210F756300B10566 /* MockData.swift in Sources */ = {isa = PBXBuildFile; fileRef = B9D12225210F756300B10566 /* MockData.swift */; };
		B9D12228210F758B00B10566 /* ArtistModel.swift in Sources */ = {isa = PBXBuildFile; fileRef = B9D12227210F758B00B10566 /* ArtistModel.swift */; };
		BB384D4C9D523A816B38E47C /* Pods_NebulaLiveUITests.framework in Frameworks */ = {isa = PBXBuildFile; fileRef = 37EA849071EB98B9FD01866B /* Pods_NebulaLiveUITests.framework */; };
		F47B8D87BC7F7DFB027F6495 /* Pods_NebulaLive.framework in Frameworks */ = {isa = PBXBuildFile; fileRef = F5274E36423C9B66976B7263 /* Pods_NebulaLive.framework */; };
/* End PBXBuildFile section */

/* Begin PBXContainerItemProxy section */
		B9D121FF210F3A6800B10566 /* PBXContainerItemProxy */ = {
			isa = PBXContainerItemProxy;
			containerPortal = B9D121DF210F3A6600B10566 /* Project object */;
			proxyType = 1;
			remoteGlobalIDString = B9D121E6210F3A6600B10566;
			remoteInfo = NebulaLive;
		};
		B9D1220A210F3A6800B10566 /* PBXContainerItemProxy */ = {
			isa = PBXContainerItemProxy;
			containerPortal = B9D121DF210F3A6600B10566 /* Project object */;
			proxyType = 1;
			remoteGlobalIDString = B9D121E6210F3A6600B10566;
			remoteInfo = NebulaLive;
		};
/* End PBXContainerItemProxy section */

/* Begin PBXFileReference section */
		032C64CC6FECCA71C6140398 /* Pods-NebulaLiveTests.beta debug.xcconfig */ = {isa = PBXFileReference; includeInIndex = 1; lastKnownFileType = text.xcconfig; name = "Pods-NebulaLiveTests.beta debug.xcconfig"; path = "Pods/Target Support Files/Pods-NebulaLiveTests/Pods-NebulaLiveTests.beta debug.xcconfig"; sourceTree = "<group>"; };
		202B0EE46345BF0EBAF2E845 /* Pods-NebulaLiveUITests.beta release.xcconfig */ = {isa = PBXFileReference; includeInIndex = 1; lastKnownFileType = text.xcconfig; name = "Pods-NebulaLiveUITests.beta release.xcconfig"; path = "Pods/Target Support Files/Pods-NebulaLiveUITests/Pods-NebulaLiveUITests.beta release.xcconfig"; sourceTree = "<group>"; };
		20ED6CB8B882113C2B837517 /* Pods-NebulaLiveUITests.alpha release.xcconfig */ = {isa = PBXFileReference; includeInIndex = 1; lastKnownFileType = text.xcconfig; name = "Pods-NebulaLiveUITests.alpha release.xcconfig"; path = "Pods/Target Support Files/Pods-NebulaLiveUITests/Pods-NebulaLiveUITests.alpha release.xcconfig"; sourceTree = "<group>"; };
		31933BCD41D63AF6A24FA5A9 /* Pods-NebulaLiveTests.production release.xcconfig */ = {isa = PBXFileReference; includeInIndex = 1; lastKnownFileType = text.xcconfig; name = "Pods-NebulaLiveTests.production release.xcconfig"; path = "Pods/Target Support Files/Pods-NebulaLiveTests/Pods-NebulaLiveTests.production release.xcconfig"; sourceTree = "<group>"; };
		37EA849071EB98B9FD01866B /* Pods_NebulaLiveUITests.framework */ = {isa = PBXFileReference; explicitFileType = wrapper.framework; includeInIndex = 0; path = Pods_NebulaLiveUITests.framework; sourceTree = BUILT_PRODUCTS_DIR; };
		4B3D46BD67740C2E533654E0 /* Pods_NebulaLiveTests.framework */ = {isa = PBXFileReference; explicitFileType = wrapper.framework; includeInIndex = 0; path = Pods_NebulaLiveTests.framework; sourceTree = BUILT_PRODUCTS_DIR; };
		4CA066C638AA959BB6101BF3 /* Pods-NebulaLiveTests.alpha debug.xcconfig */ = {isa = PBXFileReference; includeInIndex = 1; lastKnownFileType = text.xcconfig; name = "Pods-NebulaLiveTests.alpha debug.xcconfig"; path = "Pods/Target Support Files/Pods-NebulaLiveTests/Pods-NebulaLiveTests.alpha debug.xcconfig"; sourceTree = "<group>"; };
		6184B8D88C59110104DD66EC /* Pods-NebulaLive.alpha debug.xcconfig */ = {isa = PBXFileReference; includeInIndex = 1; lastKnownFileType = text.xcconfig; name = "Pods-NebulaLive.alpha debug.xcconfig"; path = "Pods/Target Support Files/Pods-NebulaLive/Pods-NebulaLive.alpha debug.xcconfig"; sourceTree = "<group>"; };
		6C7068EBF322D1B289D5EC9E /* Pods-NebulaLiveUITests.alpha debug.xcconfig */ = {isa = PBXFileReference; includeInIndex = 1; lastKnownFileType = text.xcconfig; name = "Pods-NebulaLiveUITests.alpha debug.xcconfig"; path = "Pods/Target Support Files/Pods-NebulaLiveUITests/Pods-NebulaLiveUITests.alpha debug.xcconfig"; sourceTree = "<group>"; };
		6CF4FE969FE7F2A6FE46E728 /* Pods-NebulaLiveTests.beta release.xcconfig */ = {isa = PBXFileReference; includeInIndex = 1; lastKnownFileType = text.xcconfig; name = "Pods-NebulaLiveTests.beta release.xcconfig"; path = "Pods/Target Support Files/Pods-NebulaLiveTests/Pods-NebulaLiveTests.beta release.xcconfig"; sourceTree = "<group>"; };
		8032139C3702AF7628B42C27 /* Pods-NebulaLive.beta debug.xcconfig */ = {isa = PBXFileReference; includeInIndex = 1; lastKnownFileType = text.xcconfig; name = "Pods-NebulaLive.beta debug.xcconfig"; path = "Pods/Target Support Files/Pods-NebulaLive/Pods-NebulaLive.beta debug.xcconfig"; sourceTree = "<group>"; };
		880AA44662771DF104825EA0 /* Pods-NebulaLiveTests.alpha release.xcconfig */ = {isa = PBXFileReference; includeInIndex = 1; lastKnownFileType = text.xcconfig; name = "Pods-NebulaLiveTests.alpha release.xcconfig"; path = "Pods/Target Support Files/Pods-NebulaLiveTests/Pods-NebulaLiveTests.alpha release.xcconfig"; sourceTree = "<group>"; };
		8A641AAC48A8CA1B3228B0BB /* Pods-NebulaLive.alpha release.xcconfig */ = {isa = PBXFileReference; includeInIndex = 1; lastKnownFileType = text.xcconfig; name = "Pods-NebulaLive.alpha release.xcconfig"; path = "Pods/Target Support Files/Pods-NebulaLive/Pods-NebulaLive.alpha release.xcconfig"; sourceTree = "<group>"; };
		8BE6F56E9501F78BAFBDFB05 /* Pods-NebulaLiveTests.production debug .xcconfig */ = {isa = PBXFileReference; includeInIndex = 1; lastKnownFileType = text.xcconfig; name = "Pods-NebulaLiveTests.production debug .xcconfig"; path = "Pods/Target Support Files/Pods-NebulaLiveTests/Pods-NebulaLiveTests.production debug .xcconfig"; sourceTree = "<group>"; };
		9C07835EFA3D47F5FB0C251D /* Pods-NebulaLive.production debug .xcconfig */ = {isa = PBXFileReference; includeInIndex = 1; lastKnownFileType = text.xcconfig; name = "Pods-NebulaLive.production debug .xcconfig"; path = "Pods/Target Support Files/Pods-NebulaLive/Pods-NebulaLive.production debug .xcconfig"; sourceTree = "<group>"; };
		B71C8AFCB97AECFE97FD33EF /* Pods-NebulaLiveUITests.production debug .xcconfig */ = {isa = PBXFileReference; includeInIndex = 1; lastKnownFileType = text.xcconfig; name = "Pods-NebulaLiveUITests.production debug .xcconfig"; path = "Pods/Target Support Files/Pods-NebulaLiveUITests/Pods-NebulaLiveUITests.production debug .xcconfig"; sourceTree = "<group>"; };
		B916E481210F80250071D016 /* VenueModel.swift */ = {isa = PBXFileReference; lastKnownFileType = sourcecode.swift; path = VenueModel.swift; sourceTree = "<group>"; };
		B916E493210FAE330071D016 /* VenueFeedViewController.swift */ = {isa = PBXFileReference; lastKnownFileType = sourcecode.swift; path = VenueFeedViewController.swift; sourceTree = "<group>"; };
		B9D121E7210F3A6700B10566 /* NebulaLive.app */ = {isa = PBXFileReference; explicitFileType = wrapper.application; includeInIndex = 0; path = NebulaLive.app; sourceTree = BUILT_PRODUCTS_DIR; };
		B9D121EA210F3A6700B10566 /* AppDelegate.swift */ = {isa = PBXFileReference; lastKnownFileType = sourcecode.swift; path = AppDelegate.swift; sourceTree = "<group>"; };
		B9D121EC210F3A6700B10566 /* ViewController.swift */ = {isa = PBXFileReference; lastKnownFileType = sourcecode.swift; path = ViewController.swift; sourceTree = "<group>"; };
		B9D121EF210F3A6700B10566 /* Base */ = {isa = PBXFileReference; lastKnownFileType = file.storyboard; name = Base; path = Base.lproj/Main.storyboard; sourceTree = "<group>"; };
		B9D121F2210F3A6700B10566 /* NebulaLive.xcdatamodel */ = {isa = PBXFileReference; lastKnownFileType = wrapper.xcdatamodel; path = NebulaLive.xcdatamodel; sourceTree = "<group>"; };
		B9D121F4210F3A6800B10566 /* Assets.xcassets */ = {isa = PBXFileReference; lastKnownFileType = folder.assetcatalog; path = Assets.xcassets; sourceTree = "<group>"; };
		B9D121F7210F3A6800B10566 /* Base */ = {isa = PBXFileReference; lastKnownFileType = file.storyboard; name = Base; path = Base.lproj/LaunchScreen.storyboard; sourceTree = "<group>"; };
		B9D121F9210F3A6800B10566 /* Info.plist */ = {isa = PBXFileReference; lastKnownFileType = text.plist.xml; path = Info.plist; sourceTree = "<group>"; };
		B9D121FE210F3A6800B10566 /* NebulaLiveTests.xctest */ = {isa = PBXFileReference; explicitFileType = wrapper.cfbundle; includeInIndex = 0; path = NebulaLiveTests.xctest; sourceTree = BUILT_PRODUCTS_DIR; };
		B9D12202210F3A6800B10566 /* NebulaLiveTests.swift */ = {isa = PBXFileReference; lastKnownFileType = sourcecode.swift; path = NebulaLiveTests.swift; sourceTree = "<group>"; };
		B9D12204210F3A6800B10566 /* Info.plist */ = {isa = PBXFileReference; lastKnownFileType = text.plist.xml; path = Info.plist; sourceTree = "<group>"; };
		B9D12209210F3A6800B10566 /* NebulaLiveUITests.xctest */ = {isa = PBXFileReference; explicitFileType = wrapper.cfbundle; includeInIndex = 0; path = NebulaLiveUITests.xctest; sourceTree = BUILT_PRODUCTS_DIR; };
		B9D1220D210F3A6800B10566 /* NebulaLiveUITests.swift */ = {isa = PBXFileReference; lastKnownFileType = sourcecode.swift; path = NebulaLiveUITests.swift; sourceTree = "<group>"; };
		B9D1220F210F3A6800B10566 /* Info.plist */ = {isa = PBXFileReference; lastKnownFileType = text.plist.xml; path = Info.plist; sourceTree = "<group>"; };
		B9D1221B210F3ED500B10566 /* TestTabBarController.swift */ = {isa = PBXFileReference; lastKnownFileType = sourcecode.swift; path = TestTabBarController.swift; sourceTree = "<group>"; };
		B9D1221F210F433100B10566 /* FeedCollectionViewCell.swift */ = {isa = PBXFileReference; lastKnownFileType = sourcecode.swift; path = FeedCollectionViewCell.swift; sourceTree = "<group>"; };
		B9D12220210F433100B10566 /* FeedCollectionViewCell.xib */ = {isa = PBXFileReference; lastKnownFileType = file.xib; path = FeedCollectionViewCell.xib; sourceTree = "<group>"; };
		B9D12223210F458400B10566 /* ArtistFeedViewController.swift */ = {isa = PBXFileReference; lastKnownFileType = sourcecode.swift; path = ArtistFeedViewController.swift; sourceTree = "<group>"; };
		B9D12225210F756300B10566 /* MockData.swift */ = {isa = PBXFileReference; lastKnownFileType = sourcecode.swift; path = MockData.swift; sourceTree = "<group>"; };
		B9D12227210F758B00B10566 /* ArtistModel.swift */ = {isa = PBXFileReference; lastKnownFileType = sourcecode.swift; path = ArtistModel.swift; sourceTree = "<group>"; };
		C736CD94676C1ECD5580C132 /* Pods-NebulaLiveUITests.beta debug.xcconfig */ = {isa = PBXFileReference; includeInIndex = 1; lastKnownFileType = text.xcconfig; name = "Pods-NebulaLiveUITests.beta debug.xcconfig"; path = "Pods/Target Support Files/Pods-NebulaLiveUITests/Pods-NebulaLiveUITests.beta debug.xcconfig"; sourceTree = "<group>"; };
		D34B99AB97E84AC81653A0B6 /* Pods-NebulaLive.beta release.xcconfig */ = {isa = PBXFileReference; includeInIndex = 1; lastKnownFileType = text.xcconfig; name = "Pods-NebulaLive.beta release.xcconfig"; path = "Pods/Target Support Files/Pods-NebulaLive/Pods-NebulaLive.beta release.xcconfig"; sourceTree = "<group>"; };
		DA4EF037156FDF07DF0E8333 /* Pods-NebulaLiveUITests.production release.xcconfig */ = {isa = PBXFileReference; includeInIndex = 1; lastKnownFileType = text.xcconfig; name = "Pods-NebulaLiveUITests.production release.xcconfig"; path = "Pods/Target Support Files/Pods-NebulaLiveUITests/Pods-NebulaLiveUITests.production release.xcconfig"; sourceTree = "<group>"; };
		EE220F0F0494E7B86673600F /* Pods-NebulaLive.production release.xcconfig */ = {isa = PBXFileReference; includeInIndex = 1; lastKnownFileType = text.xcconfig; name = "Pods-NebulaLive.production release.xcconfig"; path = "Pods/Target Support Files/Pods-NebulaLive/Pods-NebulaLive.production release.xcconfig"; sourceTree = "<group>"; };
		F5274E36423C9B66976B7263 /* Pods_NebulaLive.framework */ = {isa = PBXFileReference; explicitFileType = wrapper.framework; includeInIndex = 0; path = Pods_NebulaLive.framework; sourceTree = BUILT_PRODUCTS_DIR; };
/* End PBXFileReference section */

/* Begin PBXFrameworksBuildPhase section */
		B9D121E4210F3A6600B10566 /* Frameworks */ = {
			isa = PBXFrameworksBuildPhase;
			buildActionMask = 2147483647;
			files = (
				F47B8D87BC7F7DFB027F6495 /* Pods_NebulaLive.framework in Frameworks */,
			);
			runOnlyForDeploymentPostprocessing = 0;
		};
		B9D121FB210F3A6800B10566 /* Frameworks */ = {
			isa = PBXFrameworksBuildPhase;
			buildActionMask = 2147483647;
			files = (
				02339967438A51196F1CE3CC /* Pods_NebulaLiveTests.framework in Frameworks */,
			);
			runOnlyForDeploymentPostprocessing = 0;
		};
		B9D12206210F3A6800B10566 /* Frameworks */ = {
			isa = PBXFrameworksBuildPhase;
			buildActionMask = 2147483647;
			files = (
				BB384D4C9D523A816B38E47C /* Pods_NebulaLiveUITests.framework in Frameworks */,
			);
			runOnlyForDeploymentPostprocessing = 0;
		};
/* End PBXFrameworksBuildPhase section */

/* Begin PBXGroup section */
		B9D121DE210F3A6600B10566 = {
			isa = PBXGroup;
			children = (
				B9D121E9210F3A6700B10566 /* NebulaLive */,
				B9D12201210F3A6800B10566 /* NebulaLiveTests */,
				B9D1220C210F3A6800B10566 /* NebulaLiveUITests */,
				B9D121E8210F3A6700B10566 /* Products */,
				E03049914BFD47B7711A9A2A /* Pods */,
				D485A5E4A111D3571BABA0AD /* Frameworks */,
			);
			sourceTree = "<group>";
		};
		B9D121E8210F3A6700B10566 /* Products */ = {
			isa = PBXGroup;
			children = (
				B9D121E7210F3A6700B10566 /* NebulaLive.app */,
				B9D121FE210F3A6800B10566 /* NebulaLiveTests.xctest */,
				B9D12209210F3A6800B10566 /* NebulaLiveUITests.xctest */,
			);
			name = Products;
			sourceTree = "<group>";
		};
		B9D121E9210F3A6700B10566 /* NebulaLive */ = {
			isa = PBXGroup;
			children = (
				B9D121EA210F3A6700B10566 /* AppDelegate.swift */,
				B9D121EC210F3A6700B10566 /* ViewController.swift */,
				B9D121EE210F3A6700B10566 /* Main.storyboard */,
				B9D121F4210F3A6800B10566 /* Assets.xcassets */,
				B9D121F6210F3A6800B10566 /* LaunchScreen.storyboard */,
				B9D121F9210F3A6800B10566 /* Info.plist */,
				B9D121F1210F3A6700B10566 /* NebulaLive.xcdatamodeld */,
				B9D1221B210F3ED500B10566 /* TestTabBarController.swift */,
				B9D1221F210F433100B10566 /* FeedCollectionViewCell.swift */,
				B9D12220210F433100B10566 /* FeedCollectionViewCell.xib */,
				B9D12223210F458400B10566 /* ArtistFeedViewController.swift */,
				B916E493210FAE330071D016 /* VenueFeedViewController.swift */,
				B9D12225210F756300B10566 /* MockData.swift */,
				B9D12227210F758B00B10566 /* ArtistModel.swift */,
				B916E481210F80250071D016 /* VenueModel.swift */,
			);
			path = NebulaLive;
			sourceTree = "<group>";
		};
		B9D12201210F3A6800B10566 /* NebulaLiveTests */ = {
			isa = PBXGroup;
			children = (
				B9D12202210F3A6800B10566 /* NebulaLiveTests.swift */,
				B9D12204210F3A6800B10566 /* Info.plist */,
			);
			path = NebulaLiveTests;
			sourceTree = "<group>";
		};
		B9D1220C210F3A6800B10566 /* NebulaLiveUITests */ = {
			isa = PBXGroup;
			children = (
				B9D1220D210F3A6800B10566 /* NebulaLiveUITests.swift */,
				B9D1220F210F3A6800B10566 /* Info.plist */,
			);
			path = NebulaLiveUITests;
			sourceTree = "<group>";
		};
		D485A5E4A111D3571BABA0AD /* Frameworks */ = {
			isa = PBXGroup;
			children = (
				F5274E36423C9B66976B7263 /* Pods_NebulaLive.framework */,
				4B3D46BD67740C2E533654E0 /* Pods_NebulaLiveTests.framework */,
				37EA849071EB98B9FD01866B /* Pods_NebulaLiveUITests.framework */,
			);
			name = Frameworks;
			sourceTree = "<group>";
		};
		E03049914BFD47B7711A9A2A /* Pods */ = {
			isa = PBXGroup;
			children = (
				6184B8D88C59110104DD66EC /* Pods-NebulaLive.alpha debug.xcconfig */,
				8032139C3702AF7628B42C27 /* Pods-NebulaLive.beta debug.xcconfig */,
				9C07835EFA3D47F5FB0C251D /* Pods-NebulaLive.production debug .xcconfig */,
				D34B99AB97E84AC81653A0B6 /* Pods-NebulaLive.beta release.xcconfig */,
				8A641AAC48A8CA1B3228B0BB /* Pods-NebulaLive.alpha release.xcconfig */,
				EE220F0F0494E7B86673600F /* Pods-NebulaLive.production release.xcconfig */,
				4CA066C638AA959BB6101BF3 /* Pods-NebulaLiveTests.alpha debug.xcconfig */,
				032C64CC6FECCA71C6140398 /* Pods-NebulaLiveTests.beta debug.xcconfig */,
				8BE6F56E9501F78BAFBDFB05 /* Pods-NebulaLiveTests.production debug .xcconfig */,
				6CF4FE969FE7F2A6FE46E728 /* Pods-NebulaLiveTests.beta release.xcconfig */,
				880AA44662771DF104825EA0 /* Pods-NebulaLiveTests.alpha release.xcconfig */,
				31933BCD41D63AF6A24FA5A9 /* Pods-NebulaLiveTests.production release.xcconfig */,
				6C7068EBF322D1B289D5EC9E /* Pods-NebulaLiveUITests.alpha debug.xcconfig */,
				C736CD94676C1ECD5580C132 /* Pods-NebulaLiveUITests.beta debug.xcconfig */,
				B71C8AFCB97AECFE97FD33EF /* Pods-NebulaLiveUITests.production debug .xcconfig */,
				202B0EE46345BF0EBAF2E845 /* Pods-NebulaLiveUITests.beta release.xcconfig */,
				20ED6CB8B882113C2B837517 /* Pods-NebulaLiveUITests.alpha release.xcconfig */,
				DA4EF037156FDF07DF0E8333 /* Pods-NebulaLiveUITests.production release.xcconfig */,
			);
			name = Pods;
			sourceTree = "<group>";
		};
/* End PBXGroup section */

/* Begin PBXNativeTarget section */
		B9D121E6210F3A6600B10566 /* NebulaLive */ = {
			isa = PBXNativeTarget;
			buildConfigurationList = B9D12212210F3A6800B10566 /* Build configuration list for PBXNativeTarget "NebulaLive" */;
			buildPhases = (
				C46B831257312D6F52B52B59 /* [CP] Check Pods Manifest.lock */,
				B9D121E3210F3A6600B10566 /* Sources */,
				B9D121E4210F3A6600B10566 /* Frameworks */,
				B9D121E5210F3A6600B10566 /* Resources */,
				1F24AC93CDC86D3C862208F9 /* [CP] Embed Pods Frameworks */,
				C29D7B795A643AC86E2FB1CE /* [CP] Copy Pods Resources */,
			);
			buildRules = (
			);
			dependencies = (
			);
			name = NebulaLive;
			productName = NebulaLive;
			productReference = B9D121E7210F3A6700B10566 /* NebulaLive.app */;
			productType = "com.apple.product-type.application";
		};
		B9D121FD210F3A6800B10566 /* NebulaLiveTests */ = {
			isa = PBXNativeTarget;
			buildConfigurationList = B9D12215210F3A6800B10566 /* Build configuration list for PBXNativeTarget "NebulaLiveTests" */;
			buildPhases = (
				6D19B7417EEFBAF821414B72 /* [CP] Check Pods Manifest.lock */,
				B9D121FA210F3A6800B10566 /* Sources */,
				B9D121FB210F3A6800B10566 /* Frameworks */,
				B9D121FC210F3A6800B10566 /* Resources */,
				F6E5DB7DC277AD8446F5895A /* [CP] Embed Pods Frameworks */,
				EAA2ADED55DE3C1A12C8E209 /* [CP] Copy Pods Resources */,
			);
			buildRules = (
			);
			dependencies = (
				B9D12200210F3A6800B10566 /* PBXTargetDependency */,
			);
			name = NebulaLiveTests;
			productName = NebulaLiveTests;
			productReference = B9D121FE210F3A6800B10566 /* NebulaLiveTests.xctest */;
			productType = "com.apple.product-type.bundle.unit-test";
		};
		B9D12208210F3A6800B10566 /* NebulaLiveUITests */ = {
			isa = PBXNativeTarget;
			buildConfigurationList = B9D12218210F3A6800B10566 /* Build configuration list for PBXNativeTarget "NebulaLiveUITests" */;
			buildPhases = (
				ACA1CF535E7E8CB366FCEEB2 /* [CP] Check Pods Manifest.lock */,
				B9D12205210F3A6800B10566 /* Sources */,
				B9D12206210F3A6800B10566 /* Frameworks */,
				B9D12207210F3A6800B10566 /* Resources */,
				6F4C8021F29E066D5BD2DB4D /* [CP] Embed Pods Frameworks */,
				F7BB041DFC2F5F7F3B001DCF /* [CP] Copy Pods Resources */,
			);
			buildRules = (
			);
			dependencies = (
				B9D1220B210F3A6800B10566 /* PBXTargetDependency */,
			);
			name = NebulaLiveUITests;
			productName = NebulaLiveUITests;
			productReference = B9D12209210F3A6800B10566 /* NebulaLiveUITests.xctest */;
			productType = "com.apple.product-type.bundle.ui-testing";
		};
/* End PBXNativeTarget section */

/* Begin PBXProject section */
		B9D121DF210F3A6600B10566 /* Project object */ = {
			isa = PBXProject;
			attributes = {
				LastSwiftUpdateCheck = 0940;
				LastUpgradeCheck = 0940;
				ORGANIZATIONNAME = "Kyle Thomas";
				TargetAttributes = {
					B9D121E6210F3A6600B10566 = {
						CreatedOnToolsVersion = 9.4;
					};
					B9D121FD210F3A6800B10566 = {
						CreatedOnToolsVersion = 9.4;
						TestTargetID = B9D121E6210F3A6600B10566;
					};
					B9D12208210F3A6800B10566 = {
						CreatedOnToolsVersion = 9.4;
						TestTargetID = B9D121E6210F3A6600B10566;
					};
				};
			};
			buildConfigurationList = B9D121E2210F3A6600B10566 /* Build configuration list for PBXProject "NebulaLive" */;
			compatibilityVersion = "Xcode 9.3";
			developmentRegion = en;
			hasScannedForEncodings = 0;
			knownRegions = (
				en,
				Base,
			);
			mainGroup = B9D121DE210F3A6600B10566;
			productRefGroup = B9D121E8210F3A6700B10566 /* Products */;
			projectDirPath = "";
			projectRoot = "";
			targets = (
				B9D121E6210F3A6600B10566 /* NebulaLive */,
				B9D121FD210F3A6800B10566 /* NebulaLiveTests */,
				B9D12208210F3A6800B10566 /* NebulaLiveUITests */,
			);
		};
/* End PBXProject section */

/* Begin PBXResourcesBuildPhase section */
		B9D121E5210F3A6600B10566 /* Resources */ = {
			isa = PBXResourcesBuildPhase;
			buildActionMask = 2147483647;
			files = (
				B9D121F8210F3A6800B10566 /* LaunchScreen.storyboard in Resources */,
				B9D121F5210F3A6800B10566 /* Assets.xcassets in Resources */,
				B9D12222210F433100B10566 /* FeedCollectionViewCell.xib in Resources */,
				B9D121F0210F3A6700B10566 /* Main.storyboard in Resources */,
			);
			runOnlyForDeploymentPostprocessing = 0;
		};
		B9D121FC210F3A6800B10566 /* Resources */ = {
			isa = PBXResourcesBuildPhase;
			buildActionMask = 2147483647;
			files = (
			);
			runOnlyForDeploymentPostprocessing = 0;
		};
		B9D12207210F3A6800B10566 /* Resources */ = {
			isa = PBXResourcesBuildPhase;
			buildActionMask = 2147483647;
			files = (
			);
			runOnlyForDeploymentPostprocessing = 0;
		};
/* End PBXResourcesBuildPhase section */

/* Begin PBXShellScriptBuildPhase section */
		1F24AC93CDC86D3C862208F9 /* [CP] Embed Pods Frameworks */ = {
			isa = PBXShellScriptBuildPhase;
			buildActionMask = 2147483647;
			files = (
			);
			inputPaths = (
			);
			name = "[CP] Embed Pods Frameworks";
			outputPaths = (
			);
			runOnlyForDeploymentPostprocessing = 0;
			shellPath = /bin/sh;
			shellScript = "\"${SRCROOT}/Pods/Target Support Files/Pods-NebulaLive/Pods-NebulaLive-frameworks.sh\"\n";
			showEnvVarsInLog = 0;
		};
		6D19B7417EEFBAF821414B72 /* [CP] Check Pods Manifest.lock */ = {
			isa = PBXShellScriptBuildPhase;
			buildActionMask = 2147483647;
			files = (
			);
			inputPaths = (
			);
			name = "[CP] Check Pods Manifest.lock";
			outputPaths = (
			);
			runOnlyForDeploymentPostprocessing = 0;
			shellPath = /bin/sh;
			shellScript = "diff \"${PODS_PODFILE_DIR_PATH}/Podfile.lock\" \"${PODS_ROOT}/Manifest.lock\" > /dev/null\nif [ $? != 0 ] ; then\n    # print error to STDERR\n    echo \"error: The sandbox is not in sync with the Podfile.lock. Run 'pod install' or update your CocoaPods installation.\" >&2\n    exit 1\nfi\n";
			showEnvVarsInLog = 0;
		};
		6F4C8021F29E066D5BD2DB4D /* [CP] Embed Pods Frameworks */ = {
			isa = PBXShellScriptBuildPhase;
			buildActionMask = 2147483647;
			files = (
			);
			inputPaths = (
			);
			name = "[CP] Embed Pods Frameworks";
			outputPaths = (
			);
			runOnlyForDeploymentPostprocessing = 0;
			shellPath = /bin/sh;
			shellScript = "\"${SRCROOT}/Pods/Target Support Files/Pods-NebulaLiveUITests/Pods-NebulaLiveUITests-frameworks.sh\"\n";
			showEnvVarsInLog = 0;
		};
		ACA1CF535E7E8CB366FCEEB2 /* [CP] Check Pods Manifest.lock */ = {
			isa = PBXShellScriptBuildPhase;
			buildActionMask = 2147483647;
			files = (
			);
			inputPaths = (
			);
			name = "[CP] Check Pods Manifest.lock";
			outputPaths = (
			);
			runOnlyForDeploymentPostprocessing = 0;
			shellPath = /bin/sh;
			shellScript = "diff \"${PODS_PODFILE_DIR_PATH}/Podfile.lock\" \"${PODS_ROOT}/Manifest.lock\" > /dev/null\nif [ $? != 0 ] ; then\n    # print error to STDERR\n    echo \"error: The sandbox is not in sync with the Podfile.lock. Run 'pod install' or update your CocoaPods installation.\" >&2\n    exit 1\nfi\n";
			showEnvVarsInLog = 0;
		};
		C29D7B795A643AC86E2FB1CE /* [CP] Copy Pods Resources */ = {
			isa = PBXShellScriptBuildPhase;
			buildActionMask = 2147483647;
			files = (
			);
			inputPaths = (
			);
			name = "[CP] Copy Pods Resources";
			outputPaths = (
			);
			runOnlyForDeploymentPostprocessing = 0;
			shellPath = /bin/sh;
			shellScript = "\"${SRCROOT}/Pods/Target Support Files/Pods-NebulaLive/Pods-NebulaLive-resources.sh\"\n";
			showEnvVarsInLog = 0;
		};
		C46B831257312D6F52B52B59 /* [CP] Check Pods Manifest.lock */ = {
			isa = PBXShellScriptBuildPhase;
			buildActionMask = 2147483647;
			files = (
			);
			inputPaths = (
			);
			name = "[CP] Check Pods Manifest.lock";
			outputPaths = (
			);
			runOnlyForDeploymentPostprocessing = 0;
			shellPath = /bin/sh;
			shellScript = "diff \"${PODS_PODFILE_DIR_PATH}/Podfile.lock\" \"${PODS_ROOT}/Manifest.lock\" > /dev/null\nif [ $? != 0 ] ; then\n    # print error to STDERR\n    echo \"error: The sandbox is not in sync with the Podfile.lock. Run 'pod install' or update your CocoaPods installation.\" >&2\n    exit 1\nfi\n";
			showEnvVarsInLog = 0;
		};
		EAA2ADED55DE3C1A12C8E209 /* [CP] Copy Pods Resources */ = {
			isa = PBXShellScriptBuildPhase;
			buildActionMask = 2147483647;
			files = (
			);
			inputPaths = (
			);
			name = "[CP] Copy Pods Resources";
			outputPaths = (
			);
			runOnlyForDeploymentPostprocessing = 0;
			shellPath = /bin/sh;
			shellScript = "\"${SRCROOT}/Pods/Target Support Files/Pods-NebulaLiveTests/Pods-NebulaLiveTests-resources.sh\"\n";
			showEnvVarsInLog = 0;
		};
		F6E5DB7DC277AD8446F5895A /* [CP] Embed Pods Frameworks */ = {
			isa = PBXShellScriptBuildPhase;
			buildActionMask = 2147483647;
			files = (
			);
			inputPaths = (
			);
			name = "[CP] Embed Pods Frameworks";
			outputPaths = (
			);
			runOnlyForDeploymentPostprocessing = 0;
			shellPath = /bin/sh;
			shellScript = "\"${SRCROOT}/Pods/Target Support Files/Pods-NebulaLiveTests/Pods-NebulaLiveTests-frameworks.sh\"\n";
			showEnvVarsInLog = 0;
		};
		F7BB041DFC2F5F7F3B001DCF /* [CP] Copy Pods Resources */ = {
			isa = PBXShellScriptBuildPhase;
			buildActionMask = 2147483647;
			files = (
			);
			inputPaths = (
			);
			name = "[CP] Copy Pods Resources";
			outputPaths = (
			);
			runOnlyForDeploymentPostprocessing = 0;
			shellPath = /bin/sh;
			shellScript = "\"${SRCROOT}/Pods/Target Support Files/Pods-NebulaLiveUITests/Pods-NebulaLiveUITests-resources.sh\"\n";
			showEnvVarsInLog = 0;
		};
/* End PBXShellScriptBuildPhase section */

/* Begin PBXSourcesBuildPhase section */
		B9D121E3210F3A6600B10566 /* Sources */ = {
			isa = PBXSourcesBuildPhase;
			buildActionMask = 2147483647;
			files = (
				B9D121ED210F3A6700B10566 /* ViewController.swift in Sources */,
				B9D12224210F458400B10566 /* ArtistFeedViewController.swift in Sources */,
				B916E494210FAE330071D016 /* VenueFeedViewController.swift in Sources */,
				B9D121EB210F3A6700B10566 /* AppDelegate.swift in Sources */,
				B916E482210F80250071D016 /* VenueModel.swift in Sources */,
				B9D12221210F433100B10566 /* FeedCollectionViewCell.swift in Sources */,
				B9D12228210F758B00B10566 /* ArtistModel.swift in Sources */,
				B9D1221C210F3ED500B10566 /* TestTabBarController.swift in Sources */,
				B9D12226210F756300B10566 /* MockData.swift in Sources */,
				B9D121F3210F3A6700B10566 /* NebulaLive.xcdatamodeld in Sources */,
			);
			runOnlyForDeploymentPostprocessing = 0;
		};
		B9D121FA210F3A6800B10566 /* Sources */ = {
			isa = PBXSourcesBuildPhase;
			buildActionMask = 2147483647;
			files = (
				B9D12203210F3A6800B10566 /* NebulaLiveTests.swift in Sources */,
			);
			runOnlyForDeploymentPostprocessing = 0;
		};
		B9D12205210F3A6800B10566 /* Sources */ = {
			isa = PBXSourcesBuildPhase;
			buildActionMask = 2147483647;
			files = (
				B9D1220E210F3A6800B10566 /* NebulaLiveUITests.swift in Sources */,
			);
			runOnlyForDeploymentPostprocessing = 0;
		};
/* End PBXSourcesBuildPhase section */

/* Begin PBXTargetDependency section */
		B9D12200210F3A6800B10566 /* PBXTargetDependency */ = {
			isa = PBXTargetDependency;
			target = B9D121E6210F3A6600B10566 /* NebulaLive */;
			targetProxy = B9D121FF210F3A6800B10566 /* PBXContainerItemProxy */;
		};
		B9D1220B210F3A6800B10566 /* PBXTargetDependency */ = {
			isa = PBXTargetDependency;
			target = B9D121E6210F3A6600B10566 /* NebulaLive */;
			targetProxy = B9D1220A210F3A6800B10566 /* PBXContainerItemProxy */;
		};
/* End PBXTargetDependency section */

/* Begin PBXVariantGroup section */
		B9D121EE210F3A6700B10566 /* Main.storyboard */ = {
			isa = PBXVariantGroup;
			children = (
				B9D121EF210F3A6700B10566 /* Base */,
			);
			name = Main.storyboard;
			sourceTree = "<group>";
		};
		B9D121F6210F3A6800B10566 /* LaunchScreen.storyboard */ = {
			isa = PBXVariantGroup;
			children = (
				B9D121F7210F3A6800B10566 /* Base */,
			);
			name = LaunchScreen.storyboard;
			sourceTree = "<group>";
		};
/* End PBXVariantGroup section */

/* Begin XCBuildConfiguration section */
		B916E483210F9C710071D016 /* Beta Release */ = {
			isa = XCBuildConfiguration;
			buildSettings = {
				ALWAYS_SEARCH_USER_PATHS = NO;
				CLANG_ANALYZER_NONNULL = YES;
				CLANG_ANALYZER_NUMBER_OBJECT_CONVERSION = YES_AGGRESSIVE;
				CLANG_CXX_LANGUAGE_STANDARD = "gnu++14";
				CLANG_CXX_LIBRARY = "libc++";
				CLANG_ENABLE_MODULES = YES;
				CLANG_ENABLE_OBJC_ARC = YES;
				CLANG_ENABLE_OBJC_WEAK = YES;
				CLANG_WARN_BLOCK_CAPTURE_AUTORELEASING = YES;
				CLANG_WARN_BOOL_CONVERSION = YES;
				CLANG_WARN_COMMA = YES;
				CLANG_WARN_CONSTANT_CONVERSION = YES;
				CLANG_WARN_DEPRECATED_OBJC_IMPLEMENTATIONS = YES;
				CLANG_WARN_DIRECT_OBJC_ISA_USAGE = YES_ERROR;
				CLANG_WARN_DOCUMENTATION_COMMENTS = YES;
				CLANG_WARN_EMPTY_BODY = YES;
				CLANG_WARN_ENUM_CONVERSION = YES;
				CLANG_WARN_INFINITE_RECURSION = YES;
				CLANG_WARN_INT_CONVERSION = YES;
				CLANG_WARN_NON_LITERAL_NULL_CONVERSION = YES;
				CLANG_WARN_OBJC_IMPLICIT_RETAIN_SELF = YES;
				CLANG_WARN_OBJC_LITERAL_CONVERSION = YES;
				CLANG_WARN_OBJC_ROOT_CLASS = YES_ERROR;
				CLANG_WARN_RANGE_LOOP_ANALYSIS = YES;
				CLANG_WARN_STRICT_PROTOTYPES = YES;
				CLANG_WARN_SUSPICIOUS_MOVE = YES;
				CLANG_WARN_UNGUARDED_AVAILABILITY = YES_AGGRESSIVE;
				CLANG_WARN_UNREACHABLE_CODE = YES;
				CLANG_WARN__DUPLICATE_METHOD_MATCH = YES;
				CODE_SIGN_IDENTITY = "iPhone Developer";
				COPY_PHASE_STRIP = NO;
				CURRENT_PROJECT_VERSION = 7;
				DEBUG_INFORMATION_FORMAT = dwarf;
				ENABLE_STRICT_OBJC_MSGSEND = YES;
				ENABLE_TESTABILITY = YES;
				GCC_C_LANGUAGE_STANDARD = gnu11;
				GCC_DYNAMIC_NO_PIC = NO;
				GCC_NO_COMMON_BLOCKS = YES;
				GCC_OPTIMIZATION_LEVEL = 0;
				GCC_PREPROCESSOR_DEFINITIONS = (
					"DEBUG=1",
					"$(inherited)",
				);
				GCC_WARN_64_TO_32_BIT_CONVERSION = YES;
				GCC_WARN_ABOUT_RETURN_TYPE = YES_ERROR;
				GCC_WARN_UNDECLARED_SELECTOR = YES;
				GCC_WARN_UNINITIALIZED_AUTOS = YES_AGGRESSIVE;
				GCC_WARN_UNUSED_FUNCTION = YES;
				GCC_WARN_UNUSED_VARIABLE = YES;
				IPHONEOS_DEPLOYMENT_TARGET = 11.4;
				MTL_ENABLE_DEBUG_INFO = YES;
				ONLY_ACTIVE_ARCH = YES;
				SDKROOT = iphoneos;
				SWIFT_ACTIVE_COMPILATION_CONDITIONS = DEBUG;
				SWIFT_OPTIMIZATION_LEVEL = "-Onone";
				VERSIONING_SYSTEM = "apple-generic";
			};
			name = "Beta Release";
		};
		B916E484210F9C710071D016 /* Beta Release */ = {
			isa = XCBuildConfiguration;
			baseConfigurationReference = D34B99AB97E84AC81653A0B6 /* Pods-NebulaLive.beta release.xcconfig */;
			buildSettings = {
				ASSETCATALOG_COMPILER_APPICON_NAME = AppIcon;
				CODE_SIGN_IDENTITY = "iPhone Distribution";
				CODE_SIGN_STYLE = Manual;
				CURRENT_PROJECT_VERSION = 7;
				DEVELOPMENT_TEAM = 626EE8YCHS;
				INFOPLIST_FILE = NebulaLive/Info.plist;
				IPHONEOS_DEPLOYMENT_TARGET = 11.0;
				LD_RUNPATH_SEARCH_PATHS = (
					"$(inherited)",
					"@executable_path/Frameworks",
				);
				PRODUCT_BUNDLE_IDENTIFIER = "com.kylethomas.NebulaLive-Beta";
				PRODUCT_NAME = "$(TARGET_NAME)";
				PROVISIONING_PROFILE = "5cbda8da-9432-4b52-b176-2c30164e1439";
				PROVISIONING_PROFILE_SPECIFIER = "match AdHoc com.kylethomas.NebulaLive-Beta";
				SWIFT_VERSION = 4.0;
				TARGETED_DEVICE_FAMILY = "1,2";
				VERSIONING_SYSTEM = "";
			};
			name = "Beta Release";
		};
		B916E485210F9C710071D016 /* Beta Release */ = {
			isa = XCBuildConfiguration;
			baseConfigurationReference = 6CF4FE969FE7F2A6FE46E728 /* Pods-NebulaLiveTests.beta release.xcconfig */;
			buildSettings = {
				ALWAYS_EMBED_SWIFT_STANDARD_LIBRARIES = YES;
				BUNDLE_LOADER = "$(TEST_HOST)";
				CODE_SIGN_STYLE = Automatic;
				DEVELOPMENT_TEAM = 626EE8YCHS;
				INFOPLIST_FILE = NebulaLiveTests/Info.plist;
				LD_RUNPATH_SEARCH_PATHS = (
					"$(inherited)",
					"@executable_path/Frameworks",
					"@loader_path/Frameworks",
				);
				PRODUCT_BUNDLE_IDENTIFIER = com.kylethomas.NebulaLiveTests;
				PRODUCT_NAME = "$(TARGET_NAME)";
				SWIFT_VERSION = 4.0;
				TARGETED_DEVICE_FAMILY = "1,2";
				TEST_HOST = "$(BUILT_PRODUCTS_DIR)/NebulaLive.app/NebulaLive";
			};
			name = "Beta Release";
		};
		B916E486210F9C710071D016 /* Beta Release */ = {
			isa = XCBuildConfiguration;
			baseConfigurationReference = 202B0EE46345BF0EBAF2E845 /* Pods-NebulaLiveUITests.beta release.xcconfig */;
			buildSettings = {
				ALWAYS_EMBED_SWIFT_STANDARD_LIBRARIES = YES;
				CODE_SIGN_STYLE = Automatic;
				DEVELOPMENT_TEAM = 626EE8YCHS;
				INFOPLIST_FILE = NebulaLiveUITests/Info.plist;
				LD_RUNPATH_SEARCH_PATHS = (
					"$(inherited)",
					"@executable_path/Frameworks",
					"@loader_path/Frameworks",
				);
				PRODUCT_BUNDLE_IDENTIFIER = com.kylethomas.NebulaLiveUITests;
				PRODUCT_NAME = "$(TARGET_NAME)";
				SWIFT_VERSION = 4.0;
				TARGETED_DEVICE_FAMILY = "1,2";
				TEST_TARGET_NAME = NebulaLive;
			};
			name = "Beta Release";
		};
		B916E487210FA4B90071D016 /* Alpha Release */ = {
			isa = XCBuildConfiguration;
			buildSettings = {
				ALWAYS_SEARCH_USER_PATHS = NO;
				CLANG_ANALYZER_NONNULL = YES;
				CLANG_ANALYZER_NUMBER_OBJECT_CONVERSION = YES_AGGRESSIVE;
				CLANG_CXX_LANGUAGE_STANDARD = "gnu++14";
				CLANG_CXX_LIBRARY = "libc++";
				CLANG_ENABLE_MODULES = YES;
				CLANG_ENABLE_OBJC_ARC = YES;
				CLANG_ENABLE_OBJC_WEAK = YES;
				CLANG_WARN_BLOCK_CAPTURE_AUTORELEASING = YES;
				CLANG_WARN_BOOL_CONVERSION = YES;
				CLANG_WARN_COMMA = YES;
				CLANG_WARN_CONSTANT_CONVERSION = YES;
				CLANG_WARN_DEPRECATED_OBJC_IMPLEMENTATIONS = YES;
				CLANG_WARN_DIRECT_OBJC_ISA_USAGE = YES_ERROR;
				CLANG_WARN_DOCUMENTATION_COMMENTS = YES;
				CLANG_WARN_EMPTY_BODY = YES;
				CLANG_WARN_ENUM_CONVERSION = YES;
				CLANG_WARN_INFINITE_RECURSION = YES;
				CLANG_WARN_INT_CONVERSION = YES;
				CLANG_WARN_NON_LITERAL_NULL_CONVERSION = YES;
				CLANG_WARN_OBJC_IMPLICIT_RETAIN_SELF = YES;
				CLANG_WARN_OBJC_LITERAL_CONVERSION = YES;
				CLANG_WARN_OBJC_ROOT_CLASS = YES_ERROR;
				CLANG_WARN_RANGE_LOOP_ANALYSIS = YES;
				CLANG_WARN_STRICT_PROTOTYPES = YES;
				CLANG_WARN_SUSPICIOUS_MOVE = YES;
				CLANG_WARN_UNGUARDED_AVAILABILITY = YES_AGGRESSIVE;
				CLANG_WARN_UNREACHABLE_CODE = YES;
				CLANG_WARN__DUPLICATE_METHOD_MATCH = YES;
				CODE_SIGN_IDENTITY = "iPhone Developer";
				COPY_PHASE_STRIP = NO;
				CURRENT_PROJECT_VERSION = 7;
				DEBUG_INFORMATION_FORMAT = dwarf;
				ENABLE_STRICT_OBJC_MSGSEND = YES;
				ENABLE_TESTABILITY = YES;
				GCC_C_LANGUAGE_STANDARD = gnu11;
				GCC_DYNAMIC_NO_PIC = NO;
				GCC_NO_COMMON_BLOCKS = YES;
				GCC_OPTIMIZATION_LEVEL = 0;
				GCC_PREPROCESSOR_DEFINITIONS = (
					"DEBUG=1",
					"$(inherited)",
				);
				GCC_WARN_64_TO_32_BIT_CONVERSION = YES;
				GCC_WARN_ABOUT_RETURN_TYPE = YES_ERROR;
				GCC_WARN_UNDECLARED_SELECTOR = YES;
				GCC_WARN_UNINITIALIZED_AUTOS = YES_AGGRESSIVE;
				GCC_WARN_UNUSED_FUNCTION = YES;
				GCC_WARN_UNUSED_VARIABLE = YES;
				IPHONEOS_DEPLOYMENT_TARGET = 11.4;
				MTL_ENABLE_DEBUG_INFO = YES;
				ONLY_ACTIVE_ARCH = YES;
				SDKROOT = iphoneos;
				SWIFT_ACTIVE_COMPILATION_CONDITIONS = DEBUG;
				SWIFT_OPTIMIZATION_LEVEL = "-Onone";
				VERSIONING_SYSTEM = "apple-generic";
			};
			name = "Alpha Release";
		};
		B916E488210FA4B90071D016 /* Alpha Release */ = {
			isa = XCBuildConfiguration;
			baseConfigurationReference = 8A641AAC48A8CA1B3228B0BB /* Pods-NebulaLive.alpha release.xcconfig */;
			buildSettings = {
				ASSETCATALOG_COMPILER_APPICON_NAME = AppIcon;
				CODE_SIGN_IDENTITY = "iPhone Distribution";
				CODE_SIGN_STYLE = Manual;
				CURRENT_PROJECT_VERSION = 7;
				DEVELOPMENT_TEAM = 626EE8YCHS;
				INFOPLIST_FILE = NebulaLive/Info.plist;
				IPHONEOS_DEPLOYMENT_TARGET = 11.0;
				LD_RUNPATH_SEARCH_PATHS = (
					"$(inherited)",
					"@executable_path/Frameworks",
				);
				PRODUCT_BUNDLE_IDENTIFIER = "com.kylethomas.NebulaLive-Alpha";
				PRODUCT_NAME = "$(TARGET_NAME)";
				PROVISIONING_PROFILE = "3ec48188-4df6-447d-9982-b2ce9ebb46db";
				PROVISIONING_PROFILE_SPECIFIER = "match AdHoc com.kylethomas.NebulaLive-Alpha";
				SWIFT_VERSION = 4.0;
				TARGETED_DEVICE_FAMILY = "1,2";
				VERSIONING_SYSTEM = "";
			};
			name = "Alpha Release";
		};
		B916E489210FA4B90071D016 /* Alpha Release */ = {
			isa = XCBuildConfiguration;
			baseConfigurationReference = 880AA44662771DF104825EA0 /* Pods-NebulaLiveTests.alpha release.xcconfig */;
			buildSettings = {
				ALWAYS_EMBED_SWIFT_STANDARD_LIBRARIES = YES;
				BUNDLE_LOADER = "$(TEST_HOST)";
				CODE_SIGN_STYLE = Automatic;
				DEVELOPMENT_TEAM = 626EE8YCHS;
				INFOPLIST_FILE = NebulaLiveTests/Info.plist;
				LD_RUNPATH_SEARCH_PATHS = (
					"$(inherited)",
					"@executable_path/Frameworks",
					"@loader_path/Frameworks",
				);
				PRODUCT_BUNDLE_IDENTIFIER = com.kylethomas.NebulaLiveTests;
				PRODUCT_NAME = "$(TARGET_NAME)";
				SWIFT_VERSION = 4.0;
				TARGETED_DEVICE_FAMILY = "1,2";
				TEST_HOST = "$(BUILT_PRODUCTS_DIR)/NebulaLive.app/NebulaLive";
			};
			name = "Alpha Release";
		};
		B916E48A210FA4B90071D016 /* Alpha Release */ = {
			isa = XCBuildConfiguration;
			baseConfigurationReference = 20ED6CB8B882113C2B837517 /* Pods-NebulaLiveUITests.alpha release.xcconfig */;
			buildSettings = {
				ALWAYS_EMBED_SWIFT_STANDARD_LIBRARIES = YES;
				CODE_SIGN_STYLE = Automatic;
				DEVELOPMENT_TEAM = 626EE8YCHS;
				INFOPLIST_FILE = NebulaLiveUITests/Info.plist;
				LD_RUNPATH_SEARCH_PATHS = (
					"$(inherited)",
					"@executable_path/Frameworks",
					"@loader_path/Frameworks",
				);
				PRODUCT_BUNDLE_IDENTIFIER = com.kylethomas.NebulaLiveUITests;
				PRODUCT_NAME = "$(TARGET_NAME)";
				SWIFT_VERSION = 4.0;
				TARGETED_DEVICE_FAMILY = "1,2";
				TEST_TARGET_NAME = NebulaLive;
			};
			name = "Alpha Release";
		};
		B916E48B210FA4C10071D016 /* Beta Debug */ = {
			isa = XCBuildConfiguration;
			buildSettings = {
				ALWAYS_SEARCH_USER_PATHS = NO;
				CLANG_ANALYZER_NONNULL = YES;
				CLANG_ANALYZER_NUMBER_OBJECT_CONVERSION = YES_AGGRESSIVE;
				CLANG_CXX_LANGUAGE_STANDARD = "gnu++14";
				CLANG_CXX_LIBRARY = "libc++";
				CLANG_ENABLE_MODULES = YES;
				CLANG_ENABLE_OBJC_ARC = YES;
				CLANG_ENABLE_OBJC_WEAK = YES;
				CLANG_WARN_BLOCK_CAPTURE_AUTORELEASING = YES;
				CLANG_WARN_BOOL_CONVERSION = YES;
				CLANG_WARN_COMMA = YES;
				CLANG_WARN_CONSTANT_CONVERSION = YES;
				CLANG_WARN_DEPRECATED_OBJC_IMPLEMENTATIONS = YES;
				CLANG_WARN_DIRECT_OBJC_ISA_USAGE = YES_ERROR;
				CLANG_WARN_DOCUMENTATION_COMMENTS = YES;
				CLANG_WARN_EMPTY_BODY = YES;
				CLANG_WARN_ENUM_CONVERSION = YES;
				CLANG_WARN_INFINITE_RECURSION = YES;
				CLANG_WARN_INT_CONVERSION = YES;
				CLANG_WARN_NON_LITERAL_NULL_CONVERSION = YES;
				CLANG_WARN_OBJC_IMPLICIT_RETAIN_SELF = YES;
				CLANG_WARN_OBJC_LITERAL_CONVERSION = YES;
				CLANG_WARN_OBJC_ROOT_CLASS = YES_ERROR;
				CLANG_WARN_RANGE_LOOP_ANALYSIS = YES;
				CLANG_WARN_STRICT_PROTOTYPES = YES;
				CLANG_WARN_SUSPICIOUS_MOVE = YES;
				CLANG_WARN_UNGUARDED_AVAILABILITY = YES_AGGRESSIVE;
				CLANG_WARN_UNREACHABLE_CODE = YES;
				CLANG_WARN__DUPLICATE_METHOD_MATCH = YES;
				CODE_SIGN_IDENTITY = "iPhone Developer";
				COPY_PHASE_STRIP = NO;
				CURRENT_PROJECT_VERSION = 7;
				DEBUG_INFORMATION_FORMAT = dwarf;
				ENABLE_STRICT_OBJC_MSGSEND = YES;
				ENABLE_TESTABILITY = YES;
				GCC_C_LANGUAGE_STANDARD = gnu11;
				GCC_DYNAMIC_NO_PIC = NO;
				GCC_NO_COMMON_BLOCKS = YES;
				GCC_OPTIMIZATION_LEVEL = 0;
				GCC_PREPROCESSOR_DEFINITIONS = (
					"DEBUG=1",
					"$(inherited)",
				);
				GCC_WARN_64_TO_32_BIT_CONVERSION = YES;
				GCC_WARN_ABOUT_RETURN_TYPE = YES_ERROR;
				GCC_WARN_UNDECLARED_SELECTOR = YES;
				GCC_WARN_UNINITIALIZED_AUTOS = YES_AGGRESSIVE;
				GCC_WARN_UNUSED_FUNCTION = YES;
				GCC_WARN_UNUSED_VARIABLE = YES;
				IPHONEOS_DEPLOYMENT_TARGET = 11.4;
				MTL_ENABLE_DEBUG_INFO = YES;
				ONLY_ACTIVE_ARCH = YES;
				SDKROOT = iphoneos;
				SWIFT_ACTIVE_COMPILATION_CONDITIONS = DEBUG;
				SWIFT_OPTIMIZATION_LEVEL = "-Onone";
				VERSIONING_SYSTEM = "apple-generic";
			};
			name = "Beta Debug";
		};
		B916E48C210FA4C10071D016 /* Beta Debug */ = {
			isa = XCBuildConfiguration;
			baseConfigurationReference = 8032139C3702AF7628B42C27 /* Pods-NebulaLive.beta debug.xcconfig */;
			buildSettings = {
				ASSETCATALOG_COMPILER_APPICON_NAME = AppIcon;
				CODE_SIGN_IDENTITY = "iPhone Distribution";
				CODE_SIGN_STYLE = Manual;
				CURRENT_PROJECT_VERSION = 7;
				DEVELOPMENT_TEAM = 626EE8YCHS;
				INFOPLIST_FILE = NebulaLive/Info.plist;
				IPHONEOS_DEPLOYMENT_TARGET = 11.0;
				LD_RUNPATH_SEARCH_PATHS = (
					"$(inherited)",
					"@executable_path/Frameworks",
				);
				PRODUCT_BUNDLE_IDENTIFIER = "com.kylethomas.NebulaLive-Beta";
				PRODUCT_NAME = "$(TARGET_NAME)";
				PROVISIONING_PROFILE = "5cbda8da-9432-4b52-b176-2c30164e1439";
				PROVISIONING_PROFILE_SPECIFIER = "match AdHoc com.kylethomas.NebulaLive-Beta";
				SWIFT_VERSION = 4.0;
				TARGETED_DEVICE_FAMILY = "1,2";
				VERSIONING_SYSTEM = "";
			};
			name = "Beta Debug";
		};
		B916E48D210FA4C10071D016 /* Beta Debug */ = {
			isa = XCBuildConfiguration;
			baseConfigurationReference = 032C64CC6FECCA71C6140398 /* Pods-NebulaLiveTests.beta debug.xcconfig */;
			buildSettings = {
				ALWAYS_EMBED_SWIFT_STANDARD_LIBRARIES = YES;
				BUNDLE_LOADER = "$(TEST_HOST)";
				CODE_SIGN_STYLE = Automatic;
				DEVELOPMENT_TEAM = 626EE8YCHS;
				INFOPLIST_FILE = NebulaLiveTests/Info.plist;
				LD_RUNPATH_SEARCH_PATHS = (
					"$(inherited)",
					"@executable_path/Frameworks",
					"@loader_path/Frameworks",
				);
				PRODUCT_BUNDLE_IDENTIFIER = com.kylethomas.NebulaLiveTests;
				PRODUCT_NAME = "$(TARGET_NAME)";
				SWIFT_VERSION = 4.0;
				TARGETED_DEVICE_FAMILY = "1,2";
				TEST_HOST = "$(BUILT_PRODUCTS_DIR)/NebulaLive.app/NebulaLive";
			};
			name = "Beta Debug";
		};
		B916E48E210FA4C10071D016 /* Beta Debug */ = {
			isa = XCBuildConfiguration;
			baseConfigurationReference = C736CD94676C1ECD5580C132 /* Pods-NebulaLiveUITests.beta debug.xcconfig */;
			buildSettings = {
				ALWAYS_EMBED_SWIFT_STANDARD_LIBRARIES = YES;
				CODE_SIGN_STYLE = Automatic;
				DEVELOPMENT_TEAM = 626EE8YCHS;
				INFOPLIST_FILE = NebulaLiveUITests/Info.plist;
				LD_RUNPATH_SEARCH_PATHS = (
					"$(inherited)",
					"@executable_path/Frameworks",
					"@loader_path/Frameworks",
				);
				PRODUCT_BUNDLE_IDENTIFIER = com.kylethomas.NebulaLiveUITests;
				PRODUCT_NAME = "$(TARGET_NAME)";
				SWIFT_VERSION = 4.0;
				TARGETED_DEVICE_FAMILY = "1,2";
				TEST_TARGET_NAME = NebulaLive;
			};
			name = "Beta Debug";
		};
		B916E48F210FA4CA0071D016 /* Production Debug  */ = {
			isa = XCBuildConfiguration;
			buildSettings = {
				ALWAYS_SEARCH_USER_PATHS = NO;
				CLANG_ANALYZER_NONNULL = YES;
				CLANG_ANALYZER_NUMBER_OBJECT_CONVERSION = YES_AGGRESSIVE;
				CLANG_CXX_LANGUAGE_STANDARD = "gnu++14";
				CLANG_CXX_LIBRARY = "libc++";
				CLANG_ENABLE_MODULES = YES;
				CLANG_ENABLE_OBJC_ARC = YES;
				CLANG_ENABLE_OBJC_WEAK = YES;
				CLANG_WARN_BLOCK_CAPTURE_AUTORELEASING = YES;
				CLANG_WARN_BOOL_CONVERSION = YES;
				CLANG_WARN_COMMA = YES;
				CLANG_WARN_CONSTANT_CONVERSION = YES;
				CLANG_WARN_DEPRECATED_OBJC_IMPLEMENTATIONS = YES;
				CLANG_WARN_DIRECT_OBJC_ISA_USAGE = YES_ERROR;
				CLANG_WARN_DOCUMENTATION_COMMENTS = YES;
				CLANG_WARN_EMPTY_BODY = YES;
				CLANG_WARN_ENUM_CONVERSION = YES;
				CLANG_WARN_INFINITE_RECURSION = YES;
				CLANG_WARN_INT_CONVERSION = YES;
				CLANG_WARN_NON_LITERAL_NULL_CONVERSION = YES;
				CLANG_WARN_OBJC_IMPLICIT_RETAIN_SELF = YES;
				CLANG_WARN_OBJC_LITERAL_CONVERSION = YES;
				CLANG_WARN_OBJC_ROOT_CLASS = YES_ERROR;
				CLANG_WARN_RANGE_LOOP_ANALYSIS = YES;
				CLANG_WARN_STRICT_PROTOTYPES = YES;
				CLANG_WARN_SUSPICIOUS_MOVE = YES;
				CLANG_WARN_UNGUARDED_AVAILABILITY = YES_AGGRESSIVE;
				CLANG_WARN_UNREACHABLE_CODE = YES;
				CLANG_WARN__DUPLICATE_METHOD_MATCH = YES;
				CODE_SIGN_IDENTITY = "iPhone Developer";
				COPY_PHASE_STRIP = NO;
				CURRENT_PROJECT_VERSION = 7;
				DEBUG_INFORMATION_FORMAT = dwarf;
				ENABLE_STRICT_OBJC_MSGSEND = YES;
				ENABLE_TESTABILITY = YES;
				GCC_C_LANGUAGE_STANDARD = gnu11;
				GCC_DYNAMIC_NO_PIC = NO;
				GCC_NO_COMMON_BLOCKS = YES;
				GCC_OPTIMIZATION_LEVEL = 0;
				GCC_PREPROCESSOR_DEFINITIONS = (
					"DEBUG=1",
					"$(inherited)",
				);
				GCC_WARN_64_TO_32_BIT_CONVERSION = YES;
				GCC_WARN_ABOUT_RETURN_TYPE = YES_ERROR;
				GCC_WARN_UNDECLARED_SELECTOR = YES;
				GCC_WARN_UNINITIALIZED_AUTOS = YES_AGGRESSIVE;
				GCC_WARN_UNUSED_FUNCTION = YES;
				GCC_WARN_UNUSED_VARIABLE = YES;
				IPHONEOS_DEPLOYMENT_TARGET = 11.4;
				MTL_ENABLE_DEBUG_INFO = YES;
				ONLY_ACTIVE_ARCH = YES;
				SDKROOT = iphoneos;
				SWIFT_ACTIVE_COMPILATION_CONDITIONS = DEBUG;
				SWIFT_OPTIMIZATION_LEVEL = "-Onone";
				VERSIONING_SYSTEM = "apple-generic";
			};
			name = "Production Debug ";
		};
		B916E490210FA4CA0071D016 /* Production Debug  */ = {
			isa = XCBuildConfiguration;
			baseConfigurationReference = 9C07835EFA3D47F5FB0C251D /* Pods-NebulaLive.production debug .xcconfig */;
			buildSettings = {
				ASSETCATALOG_COMPILER_APPICON_NAME = AppIcon;
				CODE_SIGN_IDENTITY = "iPhone Distribution";
				CODE_SIGN_STYLE = Manual;
				CURRENT_PROJECT_VERSION = 7;
				DEVELOPMENT_TEAM = 626EE8YCHS;
				INFOPLIST_FILE = NebulaLive/Info.plist;
				IPHONEOS_DEPLOYMENT_TARGET = 11.0;
				LD_RUNPATH_SEARCH_PATHS = (
					"$(inherited)",
					"@executable_path/Frameworks",
				);
				PRODUCT_BUNDLE_IDENTIFIER = com.kylethomas.NebulaLive;
				PRODUCT_NAME = "$(TARGET_NAME)";
				PROVISIONING_PROFILE = "86809d23-13ca-46ef-8a38-0d2f54c14272";
				PROVISIONING_PROFILE_SPECIFIER = "match AppStore com.kylethomas.NebulaLive";
				SWIFT_VERSION = 4.0;
				TARGETED_DEVICE_FAMILY = "1,2";
				VERSIONING_SYSTEM = "";
			};
			name = "Production Debug ";
		};
		B916E491210FA4CA0071D016 /* Production Debug  */ = {
			isa = XCBuildConfiguration;
			baseConfigurationReference = 8BE6F56E9501F78BAFBDFB05 /* Pods-NebulaLiveTests.production debug .xcconfig */;
			buildSettings = {
				ALWAYS_EMBED_SWIFT_STANDARD_LIBRARIES = YES;
				BUNDLE_LOADER = "$(TEST_HOST)";
				CODE_SIGN_STYLE = Automatic;
				DEVELOPMENT_TEAM = 626EE8YCHS;
				INFOPLIST_FILE = NebulaLiveTests/Info.plist;
				LD_RUNPATH_SEARCH_PATHS = (
					"$(inherited)",
					"@executable_path/Frameworks",
					"@loader_path/Frameworks",
				);
				PRODUCT_BUNDLE_IDENTIFIER = com.kylethomas.NebulaLiveTests;
				PRODUCT_NAME = "$(TARGET_NAME)";
				SWIFT_VERSION = 4.0;
				TARGETED_DEVICE_FAMILY = "1,2";
				TEST_HOST = "$(BUILT_PRODUCTS_DIR)/NebulaLive.app/NebulaLive";
			};
			name = "Production Debug ";
		};
		B916E492210FA4CA0071D016 /* Production Debug  */ = {
			isa = XCBuildConfiguration;
			baseConfigurationReference = B71C8AFCB97AECFE97FD33EF /* Pods-NebulaLiveUITests.production debug .xcconfig */;
			buildSettings = {
				ALWAYS_EMBED_SWIFT_STANDARD_LIBRARIES = YES;
				CODE_SIGN_STYLE = Automatic;
				DEVELOPMENT_TEAM = 626EE8YCHS;
				INFOPLIST_FILE = NebulaLiveUITests/Info.plist;
				LD_RUNPATH_SEARCH_PATHS = (
					"$(inherited)",
					"@executable_path/Frameworks",
					"@loader_path/Frameworks",
				);
				PRODUCT_BUNDLE_IDENTIFIER = com.kylethomas.NebulaLiveUITests;
				PRODUCT_NAME = "$(TARGET_NAME)";
				SWIFT_VERSION = 4.0;
				TARGETED_DEVICE_FAMILY = "1,2";
				TEST_TARGET_NAME = NebulaLive;
			};
			name = "Production Debug ";
		};
		B9D12210210F3A6800B10566 /* Alpha Debug */ = {
			isa = XCBuildConfiguration;
			buildSettings = {
				ALWAYS_SEARCH_USER_PATHS = NO;
				CLANG_ANALYZER_NONNULL = YES;
				CLANG_ANALYZER_NUMBER_OBJECT_CONVERSION = YES_AGGRESSIVE;
				CLANG_CXX_LANGUAGE_STANDARD = "gnu++14";
				CLANG_CXX_LIBRARY = "libc++";
				CLANG_ENABLE_MODULES = YES;
				CLANG_ENABLE_OBJC_ARC = YES;
				CLANG_ENABLE_OBJC_WEAK = YES;
				CLANG_WARN_BLOCK_CAPTURE_AUTORELEASING = YES;
				CLANG_WARN_BOOL_CONVERSION = YES;
				CLANG_WARN_COMMA = YES;
				CLANG_WARN_CONSTANT_CONVERSION = YES;
				CLANG_WARN_DEPRECATED_OBJC_IMPLEMENTATIONS = YES;
				CLANG_WARN_DIRECT_OBJC_ISA_USAGE = YES_ERROR;
				CLANG_WARN_DOCUMENTATION_COMMENTS = YES;
				CLANG_WARN_EMPTY_BODY = YES;
				CLANG_WARN_ENUM_CONVERSION = YES;
				CLANG_WARN_INFINITE_RECURSION = YES;
				CLANG_WARN_INT_CONVERSION = YES;
				CLANG_WARN_NON_LITERAL_NULL_CONVERSION = YES;
				CLANG_WARN_OBJC_IMPLICIT_RETAIN_SELF = YES;
				CLANG_WARN_OBJC_LITERAL_CONVERSION = YES;
				CLANG_WARN_OBJC_ROOT_CLASS = YES_ERROR;
				CLANG_WARN_RANGE_LOOP_ANALYSIS = YES;
				CLANG_WARN_STRICT_PROTOTYPES = YES;
				CLANG_WARN_SUSPICIOUS_MOVE = YES;
				CLANG_WARN_UNGUARDED_AVAILABILITY = YES_AGGRESSIVE;
				CLANG_WARN_UNREACHABLE_CODE = YES;
				CLANG_WARN__DUPLICATE_METHOD_MATCH = YES;
				CODE_SIGN_IDENTITY = "iPhone Developer";
				COPY_PHASE_STRIP = NO;
				CURRENT_PROJECT_VERSION = 7;
				DEBUG_INFORMATION_FORMAT = dwarf;
				ENABLE_STRICT_OBJC_MSGSEND = YES;
				ENABLE_TESTABILITY = YES;
				GCC_C_LANGUAGE_STANDARD = gnu11;
				GCC_DYNAMIC_NO_PIC = NO;
				GCC_NO_COMMON_BLOCKS = YES;
				GCC_OPTIMIZATION_LEVEL = 0;
				GCC_PREPROCESSOR_DEFINITIONS = (
					"DEBUG=1",
					"$(inherited)",
				);
				GCC_WARN_64_TO_32_BIT_CONVERSION = YES;
				GCC_WARN_ABOUT_RETURN_TYPE = YES_ERROR;
				GCC_WARN_UNDECLARED_SELECTOR = YES;
				GCC_WARN_UNINITIALIZED_AUTOS = YES_AGGRESSIVE;
				GCC_WARN_UNUSED_FUNCTION = YES;
				GCC_WARN_UNUSED_VARIABLE = YES;
				IPHONEOS_DEPLOYMENT_TARGET = 11.4;
				MTL_ENABLE_DEBUG_INFO = YES;
				ONLY_ACTIVE_ARCH = YES;
				SDKROOT = iphoneos;
				SWIFT_ACTIVE_COMPILATION_CONDITIONS = DEBUG;
				SWIFT_OPTIMIZATION_LEVEL = "-Onone";
				VERSIONING_SYSTEM = "apple-generic";
			};
			name = "Alpha Debug";
		};
		B9D12211210F3A6800B10566 /* Production Release */ = {
			isa = XCBuildConfiguration;
			buildSettings = {
				ALWAYS_SEARCH_USER_PATHS = NO;
				CLANG_ANALYZER_NONNULL = YES;
				CLANG_ANALYZER_NUMBER_OBJECT_CONVERSION = YES_AGGRESSIVE;
				CLANG_CXX_LANGUAGE_STANDARD = "gnu++14";
				CLANG_CXX_LIBRARY = "libc++";
				CLANG_ENABLE_MODULES = YES;
				CLANG_ENABLE_OBJC_ARC = YES;
				CLANG_ENABLE_OBJC_WEAK = YES;
				CLANG_WARN_BLOCK_CAPTURE_AUTORELEASING = YES;
				CLANG_WARN_BOOL_CONVERSION = YES;
				CLANG_WARN_COMMA = YES;
				CLANG_WARN_CONSTANT_CONVERSION = YES;
				CLANG_WARN_DEPRECATED_OBJC_IMPLEMENTATIONS = YES;
				CLANG_WARN_DIRECT_OBJC_ISA_USAGE = YES_ERROR;
				CLANG_WARN_DOCUMENTATION_COMMENTS = YES;
				CLANG_WARN_EMPTY_BODY = YES;
				CLANG_WARN_ENUM_CONVERSION = YES;
				CLANG_WARN_INFINITE_RECURSION = YES;
				CLANG_WARN_INT_CONVERSION = YES;
				CLANG_WARN_NON_LITERAL_NULL_CONVERSION = YES;
				CLANG_WARN_OBJC_IMPLICIT_RETAIN_SELF = YES;
				CLANG_WARN_OBJC_LITERAL_CONVERSION = YES;
				CLANG_WARN_OBJC_ROOT_CLASS = YES_ERROR;
				CLANG_WARN_RANGE_LOOP_ANALYSIS = YES;
				CLANG_WARN_STRICT_PROTOTYPES = YES;
				CLANG_WARN_SUSPICIOUS_MOVE = YES;
				CLANG_WARN_UNGUARDED_AVAILABILITY = YES_AGGRESSIVE;
				CLANG_WARN_UNREACHABLE_CODE = YES;
				CLANG_WARN__DUPLICATE_METHOD_MATCH = YES;
				CODE_SIGN_IDENTITY = "iPhone Developer";
				COPY_PHASE_STRIP = NO;
				CURRENT_PROJECT_VERSION = 7;
				DEBUG_INFORMATION_FORMAT = "dwarf-with-dsym";
				ENABLE_NS_ASSERTIONS = NO;
				ENABLE_STRICT_OBJC_MSGSEND = YES;
				GCC_C_LANGUAGE_STANDARD = gnu11;
				GCC_NO_COMMON_BLOCKS = YES;
				GCC_WARN_64_TO_32_BIT_CONVERSION = YES;
				GCC_WARN_ABOUT_RETURN_TYPE = YES_ERROR;
				GCC_WARN_UNDECLARED_SELECTOR = YES;
				GCC_WARN_UNINITIALIZED_AUTOS = YES_AGGRESSIVE;
				GCC_WARN_UNUSED_FUNCTION = YES;
				GCC_WARN_UNUSED_VARIABLE = YES;
				IPHONEOS_DEPLOYMENT_TARGET = 11.4;
				MTL_ENABLE_DEBUG_INFO = NO;
				SDKROOT = iphoneos;
				SWIFT_COMPILATION_MODE = wholemodule;
				SWIFT_OPTIMIZATION_LEVEL = "-O";
				VALIDATE_PRODUCT = YES;
				VERSIONING_SYSTEM = "apple-generic";
			};
			name = "Production Release";
		};
		B9D12213210F3A6800B10566 /* Alpha Debug */ = {
			isa = XCBuildConfiguration;
			baseConfigurationReference = 6184B8D88C59110104DD66EC /* Pods-NebulaLive.alpha debug.xcconfig */;
			buildSettings = {
				ASSETCATALOG_COMPILER_APPICON_NAME = AppIcon;
				CODE_SIGN_IDENTITY = "iPhone Developer";
				CODE_SIGN_STYLE = Manual;
				CURRENT_PROJECT_VERSION = 7;
				DEVELOPMENT_TEAM = 626EE8YCHS;
				INFOPLIST_FILE = NebulaLive/Info.plist;
				IPHONEOS_DEPLOYMENT_TARGET = 11.0;
				LD_RUNPATH_SEARCH_PATHS = (
					"$(inherited)",
					"@executable_path/Frameworks",
				);
				PRODUCT_BUNDLE_IDENTIFIER = "com.kylethomas.NebulaLive-Alpha";
				PRODUCT_NAME = "$(TARGET_NAME)";
				PROVISIONING_PROFILE = "f8741fde-5b6c-4c88-8ad0-ea08395a4def";
				PROVISIONING_PROFILE_SPECIFIER = "match Development com.kylethomas.NebulaLive-Alpha";
				SWIFT_VERSION = 4.0;
				TARGETED_DEVICE_FAMILY = "1,2";
				VERSIONING_SYSTEM = "";
			};
			name = "Alpha Debug";
		};
		B9D12214210F3A6800B10566 /* Production Release */ = {
			isa = XCBuildConfiguration;
			baseConfigurationReference = EE220F0F0494E7B86673600F /* Pods-NebulaLive.production release.xcconfig */;
			buildSettings = {
				ASSETCATALOG_COMPILER_APPICON_NAME = AppIcon;
				CODE_SIGN_IDENTITY = "iPhone Distribution";
				CODE_SIGN_STYLE = Manual;
				CURRENT_PROJECT_VERSION = 7;
				DEVELOPMENT_TEAM = 626EE8YCHS;
				INFOPLIST_FILE = NebulaLive/Info.plist;
				IPHONEOS_DEPLOYMENT_TARGET = 11.0;
				LD_RUNPATH_SEARCH_PATHS = (
					"$(inherited)",
					"@executable_path/Frameworks",
				);
				PRODUCT_BUNDLE_IDENTIFIER = com.kylethomas.NebulaLive;
				PRODUCT_NAME = "$(TARGET_NAME)";
				PROVISIONING_PROFILE = "86809d23-13ca-46ef-8a38-0d2f54c14272";
				PROVISIONING_PROFILE_SPECIFIER = "match AppStore com.kylethomas.NebulaLive";
				SWIFT_VERSION = 4.0;
				TARGETED_DEVICE_FAMILY = "1,2";
				VERSIONING_SYSTEM = "";
			};
			name = "Production Release";
		};
		B9D12216210F3A6800B10566 /* Alpha Debug */ = {
			isa = XCBuildConfiguration;
			baseConfigurationReference = 4CA066C638AA959BB6101BF3 /* Pods-NebulaLiveTests.alpha debug.xcconfig */;
			buildSettings = {
				ALWAYS_EMBED_SWIFT_STANDARD_LIBRARIES = YES;
				BUNDLE_LOADER = "$(TEST_HOST)";
				CODE_SIGN_STYLE = Automatic;
				DEVELOPMENT_TEAM = 626EE8YCHS;
				INFOPLIST_FILE = NebulaLiveTests/Info.plist;
				LD_RUNPATH_SEARCH_PATHS = (
					"$(inherited)",
					"@executable_path/Frameworks",
					"@loader_path/Frameworks",
				);
				PRODUCT_BUNDLE_IDENTIFIER = com.kylethomas.NebulaLiveTests;
				PRODUCT_NAME = "$(TARGET_NAME)";
				SWIFT_VERSION = 4.0;
				TARGETED_DEVICE_FAMILY = "1,2";
				TEST_HOST = "$(BUILT_PRODUCTS_DIR)/NebulaLive.app/NebulaLive";
			};
			name = "Alpha Debug";
		};
		B9D12217210F3A6800B10566 /* Production Release */ = {
			isa = XCBuildConfiguration;
			baseConfigurationReference = 31933BCD41D63AF6A24FA5A9 /* Pods-NebulaLiveTests.production release.xcconfig */;
			buildSettings = {
				ALWAYS_EMBED_SWIFT_STANDARD_LIBRARIES = YES;
				BUNDLE_LOADER = "$(TEST_HOST)";
				CODE_SIGN_STYLE = Automatic;
				DEVELOPMENT_TEAM = 626EE8YCHS;
				INFOPLIST_FILE = NebulaLiveTests/Info.plist;
				LD_RUNPATH_SEARCH_PATHS = (
					"$(inherited)",
					"@executable_path/Frameworks",
					"@loader_path/Frameworks",
				);
				PRODUCT_BUNDLE_IDENTIFIER = com.kylethomas.NebulaLiveTests;
				PRODUCT_NAME = "$(TARGET_NAME)";
				SWIFT_VERSION = 4.0;
				TARGETED_DEVICE_FAMILY = "1,2";
				TEST_HOST = "$(BUILT_PRODUCTS_DIR)/NebulaLive.app/NebulaLive";
			};
			name = "Production Release";
		};
		B9D12219210F3A6800B10566 /* Alpha Debug */ = {
			isa = XCBuildConfiguration;
			baseConfigurationReference = 6C7068EBF322D1B289D5EC9E /* Pods-NebulaLiveUITests.alpha debug.xcconfig */;
			buildSettings = {
				ALWAYS_EMBED_SWIFT_STANDARD_LIBRARIES = YES;
				CODE_SIGN_STYLE = Automatic;
				DEVELOPMENT_TEAM = 626EE8YCHS;
				INFOPLIST_FILE = NebulaLiveUITests/Info.plist;
				LD_RUNPATH_SEARCH_PATHS = (
					"$(inherited)",
					"@executable_path/Frameworks",
					"@loader_path/Frameworks",
				);
				PRODUCT_BUNDLE_IDENTIFIER = com.kylethomas.NebulaLiveUITests;
				PRODUCT_NAME = "$(TARGET_NAME)";
				SWIFT_VERSION = 4.0;
				TARGETED_DEVICE_FAMILY = "1,2";
				TEST_TARGET_NAME = NebulaLive;
			};
			name = "Alpha Debug";
		};
		B9D1221A210F3A6800B10566 /* Production Release */ = {
			isa = XCBuildConfiguration;
			baseConfigurationReference = DA4EF037156FDF07DF0E8333 /* Pods-NebulaLiveUITests.production release.xcconfig */;
			buildSettings = {
				ALWAYS_EMBED_SWIFT_STANDARD_LIBRARIES = YES;
				CODE_SIGN_STYLE = Automatic;
				DEVELOPMENT_TEAM = 626EE8YCHS;
				INFOPLIST_FILE = NebulaLiveUITests/Info.plist;
				LD_RUNPATH_SEARCH_PATHS = (
					"$(inherited)",
					"@executable_path/Frameworks",
					"@loader_path/Frameworks",
				);
				PRODUCT_BUNDLE_IDENTIFIER = com.kylethomas.NebulaLiveUITests;
				PRODUCT_NAME = "$(TARGET_NAME)";
				SWIFT_VERSION = 4.0;
				TARGETED_DEVICE_FAMILY = "1,2";
				TEST_TARGET_NAME = NebulaLive;
			};
			name = "Production Release";
		};
/* End XCBuildConfiguration section */

/* Begin XCConfigurationList section */
		B9D121E2210F3A6600B10566 /* Build configuration list for PBXProject "NebulaLive" */ = {
			isa = XCConfigurationList;
			buildConfigurations = (
				B9D12210210F3A6800B10566 /* Alpha Debug */,
				B916E48B210FA4C10071D016 /* Beta Debug */,
				B916E48F210FA4CA0071D016 /* Production Debug  */,
				B916E483210F9C710071D016 /* Beta Release */,
				B916E487210FA4B90071D016 /* Alpha Release */,
				B9D12211210F3A6800B10566 /* Production Release */,
			);
			defaultConfigurationIsVisible = 0;
			defaultConfigurationName = "Production Release";
		};
		B9D12212210F3A6800B10566 /* Build configuration list for PBXNativeTarget "NebulaLive" */ = {
			isa = XCConfigurationList;
			buildConfigurations = (
				B9D12213210F3A6800B10566 /* Alpha Debug */,
				B916E48C210FA4C10071D016 /* Beta Debug */,
				B916E490210FA4CA0071D016 /* Production Debug  */,
				B916E484210F9C710071D016 /* Beta Release */,
				B916E488210FA4B90071D016 /* Alpha Release */,
				B9D12214210F3A6800B10566 /* Production Release */,
			);
			defaultConfigurationIsVisible = 0;
			defaultConfigurationName = "Production Release";
		};
		B9D12215210F3A6800B10566 /* Build configuration list for PBXNativeTarget "NebulaLiveTests" */ = {
			isa = XCConfigurationList;
			buildConfigurations = (
				B9D12216210F3A6800B10566 /* Alpha Debug */,
				B916E48D210FA4C10071D016 /* Beta Debug */,
				B916E491210FA4CA0071D016 /* Production Debug  */,
				B916E485210F9C710071D016 /* Beta Release */,
				B916E489210FA4B90071D016 /* Alpha Release */,
				B9D12217210F3A6800B10566 /* Production Release */,
			);
			defaultConfigurationIsVisible = 0;
			defaultConfigurationName = "Production Release";
		};
		B9D12218210F3A6800B10566 /* Build configuration list for PBXNativeTarget "NebulaLiveUITests" */ = {
			isa = XCConfigurationList;
			buildConfigurations = (
				B9D12219210F3A6800B10566 /* Alpha Debug */,
				B916E48E210FA4C10071D016 /* Beta Debug */,
				B916E492210FA4CA0071D016 /* Production Debug  */,
				B916E486210F9C710071D016 /* Beta Release */,
				B916E48A210FA4B90071D016 /* Alpha Release */,
				B9D1221A210F3A6800B10566 /* Production Release */,
			);
			defaultConfigurationIsVisible = 0;
			defaultConfigurationName = "Production Release";
		};
/* End XCConfigurationList section */

/* Begin XCVersionGroup section */
		B9D121F1210F3A6700B10566 /* NebulaLive.xcdatamodeld */ = {
			isa = XCVersionGroup;
			children = (
				B9D121F2210F3A6700B10566 /* NebulaLive.xcdatamodel */,
			);
			currentVersion = B9D121F2210F3A6700B10566 /* NebulaLive.xcdatamodel */;
			path = NebulaLive.xcdatamodeld;
			sourceTree = "<group>";
			versionGroupType = wrapper.xcdatamodel;
		};
/* End XCVersionGroup section */
	};
	rootObject = B9D121DF210F3A6600B10566 /* Project object */;
}
